
Microsoft Visual Studio Solution File, Format Version 12.00
# Visual Studio Version 17
VisualStudioVersion = 17.4.33213.308
MinimumVisualStudioVersion = 10.0.40219.1
Project("{FAE04EC0-301F-11D3-BF4B-00C04F79EFBC}") = "Czal_Library_Management_System", "Czal_Library_Management_System\Czal_Library_Management_System.csproj", "{7E015C2A-4DA6-4677-86A6-5EA00CF8F446}"
EndProject
Global
	GlobalSection(SolutionConfigurationPlatforms) = preSolution
		Debug|Any CPU = Debug|Any CPU
		Release|Any CPU = Release|Any CPU
	EndGlobalSection
	GlobalSection(ProjectConfigurationPlatforms) = postSolution
		{7E015C2A-4DA6-4677-86A6-5EA00CF8F446}.Debug|Any CPU.ActiveCfg = Debug|Any CPU
		{7E015C2A-4DA6-4677-86A6-5EA00CF8F446}.Debug|Any CPU.Build.0 = Debug|Any CPU
		{7E015C2A-4DA6-4677-86A6-5EA00CF8F446}.Release|Any CPU.ActiveCfg = Release|Any CPU
		{7E015C2A-4DA6-4677-86A6-5EA00CF8F446}.Release|Any CPU.Build.0 = Release|Any CPU
	EndGlobalSection
	GlobalSection(SolutionProperties) = preSolution
		HideSolutionNode = FALSE
	EndGlobalSection
	GlobalSection(ExtensibilityGlobals) = postSolution
		SolutionGuid = {20F998B3-65A8-4EE6-A651-E4B75735E4AE}
	EndGlobalSection
EndGlobal
